<?xml version="1.0" encoding="utf-8"?>
<Project ToolsVersion="4.0" xmlns="http://schemas.microsoft.com/developer/msbuild/2003">
  <ItemGroup>
    <Filter Include="ソース ファイル">
      <UniqueIdentifier>{01d0bb87-3b7c-4fd8-a22a-d5bb3565ad05}</UniqueIdentifier>
    </Filter>
    <Filter Include="生成されたファイル">
      <UniqueIdentifier>{fbf8b109-64b0-45fc-95e7-86865f08863b}</UniqueIdentifier>
      <SourceControlFiles>False</SourceControlFiles>
    </Filter>
  </ItemGroup>
  <ItemGroup>
    <None Include="Urasandesu.Prigps.def" />
  </ItemGroup>
  <ItemGroup>
    <ClCompile Include="UrasandesuPrig_i.c">
      <Filter>生成されたファイル</Filter>
    </ClCompile>
    <ClCompile Include="UrasandesuPrig_p.c">
      <Filter>生成されたファイル</Filter>
    </ClCompile>
    <ClCompile Include="dlldata.c">
      <Filter>生成されたファイル</Filter>
    </ClCompile>
  </ItemGroup>
</Project>
