
Microsoft Visual Studio Solution File, Format Version 12.00
# Visual Studio 2013
VisualStudioVersion = 12.0.31101.0
MinimumVisualStudioVersion = 10.0.40219.1
Project("{8BC9CEB8-8B4A-11D0-8D11-00A0C91BC942}") = "Urasandesu.Prig", "Urasandesu.Prig\Urasandesu.Prig.vcxproj", "{3CCF69E5-3F2E-42FE-ACC4-085B2EA0099A}"
EndProject
Project("{8BC9CEB8-8B4A-11D0-8D11-00A0C91BC942}") = "Urasandesu.PrigPS", "Urasandesu.Prig\Urasandesu.PrigPS.vcxproj", "{5EA828FC-CC28-4622-A260-5398F5962212}"
EndProject
Project("{8BC9CEB8-8B4A-11D0-8D11-00A0C91BC942}") = "Test.Urasandesu.Prig", "Test.Urasandesu.Prig\Test.Urasandesu.Prig.vcxproj", "{5A736966-D606-45DA-A6FB-796931F5053E}"
EndProject
Project("{FAE04EC0-301F-11D3-BF4B-00C04F79EFBC}") = "Urasandesu.Prig.Framework", "Urasandesu.Prig.Framework\Urasandesu.Prig.Framework.csproj", "{B4F8ABB2-2FEB-484C-9EF5-404C88C44E1A}"
	ProjectSection(ProjectDependencies) = preProject
		{C04A5E86-30E1-4C38-B916-324D000E240E} = {C04A5E86-30E1-4C38-B916-324D000E240E}
	EndProjectSection
EndProject
Project("{FAE04EC0-301F-11D3-BF4B-00C04F79EFBC}") = "Test.Urasandesu.Prig.Framework", "Test.Urasandesu.Prig.Framework\Test.Urasandesu.Prig.Framework.csproj", "{97CDD0F8-724B-48A1-8925-8500117EAEE9}"
EndProject
Project("{8BC9CEB8-8B4A-11D0-8D11-00A0C91BC942}") = "prig", "prig\prig.vcxproj", "{EA364A76-EF6A-41ED-B669-B76A15CB1645}"
EndProject
Project("{2150E333-8FDC-42A3-9474-1A3956D46DE8}") = "CppAnonym", "CppAnonym", "{0F327E53-FB4B-43D7-A912-CD7D2C1EA7F7}"
EndProject
Project("{2150E333-8FDC-42A3-9474-1A3956D46DE8}") = "NAnonym", "NAnonym", "{B8932275-86AF-4C5A-91E6-D96ED7332B80}"
EndProject
Project("{8BC9CEB8-8B4A-11D0-8D11-00A0C91BC942}") = "Test.Urasandesu.CppAnonym", "CppAnonym\Test.Urasandesu.CppAnonym\Test.Urasandesu.CppAnonym.vcxproj", "{5025A4C4-FBA5-4527-8A81-068B26C9AA56}"
EndProject
Project("{8BC9CEB8-8B4A-11D0-8D11-00A0C91BC942}") = "Urasandesu.CppAnonym", "CppAnonym\Urasandesu.CppAnonym\Urasandesu.CppAnonym.vcxproj", "{BBDC5180-4804-48B6-839B-201AF9579491}"
EndProject
Project("{8BC9CEB8-8B4A-11D0-8D11-00A0C91BC942}") = "Urasandesu.CppAnonymPS", "CppAnonym\Urasandesu.CppAnonym\Urasandesu.CppAnonymPS.vcxproj", "{26880DE0-37AA-4DE0-89E2-B0102AA89BF7}"
EndProject
Project("{FAE04EC0-301F-11D3-BF4B-00C04F79EFBC}") = "Test.Urasandesu.NAnonym", "NAnonym\Test.Urasandesu.NAnonym\Test.Urasandesu.NAnonym.csproj", "{885BCF21-BAA1-4179-B679-27C4DC7F14A3}"
EndProject
Project("{FAE04EC0-301F-11D3-BF4B-00C04F79EFBC}") = "Urasandesu.NAnonym", "NAnonym\Urasandesu.NAnonym\Urasandesu.NAnonym.csproj", "{C04A5E86-30E1-4C38-B916-324D000E240E}"
EndProject
Project("{8BC9CEB8-8B4A-11D0-8D11-00A0C91BC942}") = "Test.prig", "Test.prig\Test.prig.vcxproj", "{5EEE8D5F-2F36-4319-91E1-0E547CD9E5FB}"
EndProject
Project("{FAE04EC0-301F-11D3-BF4B-00C04F79EFBC}") = "program1", "program1\program1.csproj", "{68A62EF4-B2AD-4634-8961-F66C2D60CBB0}"
	ProjectSection(ProjectDependencies) = preProject
		{23389061-145F-4CB1-86ED-64A9F35F52A6} = {23389061-145F-4CB1-86ED-64A9F35F52A6}
	EndProjectSection
EndProject
Project("{FAE04EC0-301F-11D3-BF4B-00C04F79EFBC}") = "Test.program1", "Test.program1\Test.program1.csproj", "{95E1F039-6E0F-4276-934B-1DB270CF6334}"
	ProjectSection(ProjectDependencies) = preProject
		{B4F8ABB2-2FEB-484C-9EF5-404C88C44E1A} = {B4F8ABB2-2FEB-484C-9EF5-404C88C44E1A}
		{68A62EF4-B2AD-4634-8961-F66C2D60CBB0} = {68A62EF4-B2AD-4634-8961-F66C2D60CBB0}
	EndProjectSection
EndProject
Project("{2150E333-8FDC-42A3-9474-1A3956D46DE8}") = "Swathe", "Swathe", "{C7F1C2D7-3363-499C-89A6-12C3F63E86DE}"
EndProject
Project("{8BC9CEB8-8B4A-11D0-8D11-00A0C91BC942}") = "Test.Urasandesu.Swathe", "Swathe\Test.Urasandesu.Swathe\Test.Urasandesu.Swathe.vcxproj", "{C9FA9F79-9AF7-4602-A837-E370312296E8}"
EndProject
Project("{8BC9CEB8-8B4A-11D0-8D11-00A0C91BC942}") = "Urasandesu.Swathe", "Swathe\Urasandesu.Swathe\Urasandesu.Swathe.vcxproj", "{19F73BCA-BD55-4D66-8F1F-D4CA124B8A22}"
EndProject
Project("{8BC9CEB8-8B4A-11D0-8D11-00A0C91BC942}") = "Urasandesu.SwathePS", "Swathe\Urasandesu.Swathe\Urasandesu.SwathePS.vcxproj", "{E77A53EC-A69E-41CA-ACE0-5D83636610C4}"
EndProject
Project("{FAE04EC0-301F-11D3-BF4B-00C04F79EFBC}") = "UntestableLibrary", "UntestableLibrary\UntestableLibrary.csproj", "{23389061-145F-4CB1-86ED-64A9F35F52A6}"
EndProject
Project("{FAE04EC0-301F-11D3-BF4B-00C04F79EFBC}") = "Urasandesu.Prig.VSPackage", "Urasandesu.Prig.VSPackage\Urasandesu.Prig.VSPackage.csproj", "{4C9D250E-26A7-4516-B133-478E782BD75F}"
EndProject
Project("{FAE04EC0-301F-11D3-BF4B-00C04F79EFBC}") = "Test.Urasandesu.Prig.VSPackage", "Test.Urasandesu.Prig.VSPackage\Test.Urasandesu.Prig.VSPackage.csproj", "{509316E7-AB9F-4B2B-985E-4D610D0451A6}"
EndProject
Project("{FAE04EC0-301F-11D3-BF4B-00C04F79EFBC}") = "Urasandesu.Prig.Delegates", "Urasandesu.Prig.Delegates\Urasandesu.Prig.Delegates.csproj", "{6CFA6744-745A-4CD6-8F1E-940D2B025FAE}"
EndProject
Project("{FAE04EC0-301F-11D3-BF4B-00C04F79EFBC}") = "Urasandesu.Prig.Delegates.0404", "Urasandesu.Prig.Delegates.0404\Urasandesu.Prig.Delegates.0404.csproj", "{EF9F1B81-8558-44C5-8CC6-84C0E112A5AC}"
EndProject
Project("{FAE04EC0-301F-11D3-BF4B-00C04F79EFBC}") = "Urasandesu.Prig.Delegates.0804", "Urasandesu.Prig.Delegates.0804\Urasandesu.Prig.Delegates.0804.csproj", "{FA517774-800A-4DD7-9A06-6E289193AA40}"
EndProject
Project("{FAE04EC0-301F-11D3-BF4B-00C04F79EFBC}") = "Urasandesu.Prig.Delegates.1205", "Urasandesu.Prig.Delegates.1205\Urasandesu.Prig.Delegates.1205.csproj", "{FFFA9D95-2834-49E1-B42E-7F1396DC89B9}"
EndProject
Project("{2150E333-8FDC-42A3-9474-1A3956D46DE8}") = "Prig.Delegates", "Prig.Delegates", "{68F8ED8E-83B1-480B-967B-89FFB3A25C83}"
EndProject
Global
	GlobalSection(SolutionConfigurationPlatforms) = preSolution
		Debug(.NET 3.5)|x64 = Debug(.NET 3.5)|x64
		Debug(.NET 3.5)|x86 = Debug(.NET 3.5)|x86
		Debug(.NET 4)|x64 = Debug(.NET 4)|x64
		Debug(.NET 4)|x86 = Debug(.NET 4)|x86
		Release(.NET 3.5)|x64 = Release(.NET 3.5)|x64
		Release(.NET 3.5)|x86 = Release(.NET 3.5)|x86
		Release(.NET 4)|x64 = Release(.NET 4)|x64
		Release(.NET 4)|x86 = Release(.NET 4)|x86
	EndGlobalSection
	GlobalSection(ProjectConfigurationPlatforms) = postSolution
		{3CCF69E5-3F2E-42FE-ACC4-085B2EA0099A}.Debug(.NET 3.5)|x64.ActiveCfg = Debug|x64
		{3CCF69E5-3F2E-42FE-ACC4-085B2EA0099A}.Debug(.NET 3.5)|x64.Build.0 = Debug|x64
		{3CCF69E5-3F2E-42FE-ACC4-085B2EA0099A}.Debug(.NET 3.5)|x86.ActiveCfg = Debug|Win32
		{3CCF69E5-3F2E-42FE-ACC4-085B2EA0099A}.Debug(.NET 3.5)|x86.Build.0 = Debug|Win32
		{3CCF69E5-3F2E-42FE-ACC4-085B2EA0099A}.Debug(.NET 4)|x64.ActiveCfg = Debug|x64
		{3CCF69E5-3F2E-42FE-ACC4-085B2EA0099A}.Debug(.NET 4)|x64.Build.0 = Debug|x64
		{3CCF69E5-3F2E-42FE-ACC4-085B2EA0099A}.Debug(.NET 4)|x86.ActiveCfg = Debug|Win32
		{3CCF69E5-3F2E-42FE-ACC4-085B2EA0099A}.Debug(.NET 4)|x86.Build.0 = Debug|Win32
		{3CCF69E5-3F2E-42FE-ACC4-085B2EA0099A}.Release(.NET 3.5)|x64.ActiveCfg = Release|x64
		{3CCF69E5-3F2E-42FE-ACC4-085B2EA0099A}.Release(.NET 3.5)|x64.Build.0 = Release|x64
		{3CCF69E5-3F2E-42FE-ACC4-085B2EA0099A}.Release(.NET 3.5)|x86.ActiveCfg = Release|Win32
		{3CCF69E5-3F2E-42FE-ACC4-085B2EA0099A}.Release(.NET 3.5)|x86.Build.0 = Release|Win32
		{3CCF69E5-3F2E-42FE-ACC4-085B2EA0099A}.Release(.NET 4)|x64.ActiveCfg = Release|x64
		{3CCF69E5-3F2E-42FE-ACC4-085B2EA0099A}.Release(.NET 4)|x64.Build.0 = Release|x64
		{3CCF69E5-3F2E-42FE-ACC4-085B2EA0099A}.Release(.NET 4)|x86.ActiveCfg = Release|Win32
		{3CCF69E5-3F2E-42FE-ACC4-085B2EA0099A}.Release(.NET 4)|x86.Build.0 = Release|Win32
		{5EA828FC-CC28-4622-A260-5398F5962212}.Debug(.NET 3.5)|x64.ActiveCfg = Debug|x64
		{5EA828FC-CC28-4622-A260-5398F5962212}.Debug(.NET 3.5)|x86.ActiveCfg = Debug|Win32
		{5EA828FC-CC28-4622-A260-5398F5962212}.Debug(.NET 4)|x64.ActiveCfg = Debug|x64
		{5EA828FC-CC28-4622-A260-5398F5962212}.Debug(.NET 4)|x86.ActiveCfg = Debug|Win32
		{5EA828FC-CC28-4622-A260-5398F5962212}.Release(.NET 3.5)|x64.ActiveCfg = Release|x64
		{5EA828FC-CC28-4622-A260-5398F5962212}.Release(.NET 3.5)|x86.ActiveCfg = Release|Win32
		{5EA828FC-CC28-4622-A260-5398F5962212}.Release(.NET 4)|x64.ActiveCfg = Release|x64
		{5EA828FC-CC28-4622-A260-5398F5962212}.Release(.NET 4)|x86.ActiveCfg = Release|Win32
		{5A736966-D606-45DA-A6FB-796931F5053E}.Debug(.NET 3.5)|x64.ActiveCfg = Debug(.NET 3.5)|x64
		{5A736966-D606-45DA-A6FB-796931F5053E}.Debug(.NET 3.5)|x64.Build.0 = Debug(.NET 3.5)|x64
		{5A736966-D606-45DA-A6FB-796931F5053E}.Debug(.NET 3.5)|x86.ActiveCfg = Debug(.NET 3.5)|Win32
		{5A736966-D606-45DA-A6FB-796931F5053E}.Debug(.NET 3.5)|x86.Build.0 = Debug(.NET 3.5)|Win32
		{5A736966-D606-45DA-A6FB-796931F5053E}.Debug(.NET 4)|x64.ActiveCfg = Debug(.NET 4)|Win32
		{5A736966-D606-45DA-A6FB-796931F5053E}.Debug(.NET 4)|x64.Build.0 = Debug(.NET 4)|Win32
		{5A736966-D606-45DA-A6FB-796931F5053E}.Debug(.NET 4)|x86.ActiveCfg = Debug(.NET 4)|Win32
		{5A736966-D606-45DA-A6FB-796931F5053E}.Debug(.NET 4)|x86.Build.0 = Debug(.NET 4)|Win32
		{5A736966-D606-45DA-A6FB-796931F5053E}.Release(.NET 3.5)|x64.ActiveCfg = Release(.NET 3.5)|x64
		{5A736966-D606-45DA-A6FB-796931F5053E}.Release(.NET 3.5)|x64.Build.0 = Release(.NET 3.5)|x64
		{5A736966-D606-45DA-A6FB-796931F5053E}.Release(.NET 3.5)|x86.ActiveCfg = Release(.NET 3.5)|Win32
		{5A736966-D606-45DA-A6FB-796931F5053E}.Release(.NET 3.5)|x86.Build.0 = Release(.NET 3.5)|Win32
		{5A736966-D606-45DA-A6FB-796931F5053E}.Release(.NET 4)|x64.ActiveCfg = Release(.NET 4)|Win32
		{5A736966-D606-45DA-A6FB-796931F5053E}.Release(.NET 4)|x64.Build.0 = Release(.NET 4)|Win32
		{5A736966-D606-45DA-A6FB-796931F5053E}.Release(.NET 4)|x86.ActiveCfg = Release(.NET 4)|Win32
		{5A736966-D606-45DA-A6FB-796931F5053E}.Release(.NET 4)|x86.Build.0 = Release(.NET 4)|Win32
		{B4F8ABB2-2FEB-484C-9EF5-404C88C44E1A}.Debug(.NET 3.5)|x64.ActiveCfg = Debug(.NET 3.5)|Any CPU
		{B4F8ABB2-2FEB-484C-9EF5-404C88C44E1A}.Debug(.NET 3.5)|x64.Build.0 = Debug(.NET 3.5)|Any CPU
		{B4F8ABB2-2FEB-484C-9EF5-404C88C44E1A}.Debug(.NET 3.5)|x86.ActiveCfg = Debug(.NET 3.5)|Any CPU
		{B4F8ABB2-2FEB-484C-9EF5-404C88C44E1A}.Debug(.NET 3.5)|x86.Build.0 = Debug(.NET 3.5)|Any CPU
		{B4F8ABB2-2FEB-484C-9EF5-404C88C44E1A}.Debug(.NET 4)|x64.ActiveCfg = Debug(.NET 4)|Any CPU
		{B4F8ABB2-2FEB-484C-9EF5-404C88C44E1A}.Debug(.NET 4)|x64.Build.0 = Debug(.NET 4)|Any CPU
		{B4F8ABB2-2FEB-484C-9EF5-404C88C44E1A}.Debug(.NET 4)|x86.ActiveCfg = Debug(.NET 4)|Any CPU
		{B4F8ABB2-2FEB-484C-9EF5-404C88C44E1A}.Debug(.NET 4)|x86.Build.0 = Debug(.NET 4)|Any CPU
		{B4F8ABB2-2FEB-484C-9EF5-404C88C44E1A}.Release(.NET 3.5)|x64.ActiveCfg = Release(.NET 3.5)|Any CPU
		{B4F8ABB2-2FEB-484C-9EF5-404C88C44E1A}.Release(.NET 3.5)|x64.Build.0 = Release(.NET 3.5)|Any CPU
		{B4F8ABB2-2FEB-484C-9EF5-404C88C44E1A}.Release(.NET 3.5)|x86.ActiveCfg = Release(.NET 3.5)|Any CPU
		{B4F8ABB2-2FEB-484C-9EF5-404C88C44E1A}.Release(.NET 3.5)|x86.Build.0 = Release(.NET 3.5)|Any CPU
		{B4F8ABB2-2FEB-484C-9EF5-404C88C44E1A}.Release(.NET 4)|x64.ActiveCfg = Release(.NET 4)|Any CPU
		{B4F8ABB2-2FEB-484C-9EF5-404C88C44E1A}.Release(.NET 4)|x64.Build.0 = Release(.NET 4)|Any CPU
		{B4F8ABB2-2FEB-484C-9EF5-404C88C44E1A}.Release(.NET 4)|x86.ActiveCfg = Release(.NET 4)|Any CPU
		{B4F8ABB2-2FEB-484C-9EF5-404C88C44E1A}.Release(.NET 4)|x86.Build.0 = Release(.NET 4)|Any CPU
		{97CDD0F8-724B-48A1-8925-8500117EAEE9}.Debug(.NET 3.5)|x64.ActiveCfg = Debug(.NET 3.5)|Any CPU
		{97CDD0F8-724B-48A1-8925-8500117EAEE9}.Debug(.NET 3.5)|x64.Build.0 = Debug(.NET 3.5)|Any CPU
		{97CDD0F8-724B-48A1-8925-8500117EAEE9}.Debug(.NET 3.5)|x86.ActiveCfg = Debug(.NET 3.5)|Any CPU
		{97CDD0F8-724B-48A1-8925-8500117EAEE9}.Debug(.NET 3.5)|x86.Build.0 = Debug(.NET 3.5)|Any CPU
		{97CDD0F8-724B-48A1-8925-8500117EAEE9}.Debug(.NET 4)|x64.ActiveCfg = Debug(.NET 4)|Any CPU
		{97CDD0F8-724B-48A1-8925-8500117EAEE9}.Debug(.NET 4)|x64.Build.0 = Debug(.NET 4)|Any CPU
		{97CDD0F8-724B-48A1-8925-8500117EAEE9}.Debug(.NET 4)|x86.ActiveCfg = Debug(.NET 4)|Any CPU
		{97CDD0F8-724B-48A1-8925-8500117EAEE9}.Debug(.NET 4)|x86.Build.0 = Debug(.NET 4)|Any CPU
		{97CDD0F8-724B-48A1-8925-8500117EAEE9}.Release(.NET 3.5)|x64.ActiveCfg = Release(.NET 3.5)|Any CPU
		{97CDD0F8-724B-48A1-8925-8500117EAEE9}.Release(.NET 3.5)|x64.Build.0 = Release(.NET 3.5)|Any CPU
		{97CDD0F8-724B-48A1-8925-8500117EAEE9}.Release(.NET 3.5)|x86.ActiveCfg = Release(.NET 3.5)|Any CPU
		{97CDD0F8-724B-48A1-8925-8500117EAEE9}.Release(.NET 3.5)|x86.Build.0 = Release(.NET 3.5)|Any CPU
		{97CDD0F8-724B-48A1-8925-8500117EAEE9}.Release(.NET 4)|x64.ActiveCfg = Release(.NET 4)|Any CPU
		{97CDD0F8-724B-48A1-8925-8500117EAEE9}.Release(.NET 4)|x64.Build.0 = Release(.NET 4)|Any CPU
		{97CDD0F8-724B-48A1-8925-8500117EAEE9}.Release(.NET 4)|x86.ActiveCfg = Release(.NET 4)|Any CPU
		{97CDD0F8-724B-48A1-8925-8500117EAEE9}.Release(.NET 4)|x86.Build.0 = Release(.NET 4)|Any CPU
		{EA364A76-EF6A-41ED-B669-B76A15CB1645}.Debug(.NET 3.5)|x64.ActiveCfg = Debug|x64
		{EA364A76-EF6A-41ED-B669-B76A15CB1645}.Debug(.NET 3.5)|x64.Build.0 = Debug|x64
		{EA364A76-EF6A-41ED-B669-B76A15CB1645}.Debug(.NET 3.5)|x86.ActiveCfg = Debug|Win32
		{EA364A76-EF6A-41ED-B669-B76A15CB1645}.Debug(.NET 3.5)|x86.Build.0 = Debug|Win32
		{EA364A76-EF6A-41ED-B669-B76A15CB1645}.Debug(.NET 4)|x64.ActiveCfg = Debug|x64
		{EA364A76-EF6A-41ED-B669-B76A15CB1645}.Debug(.NET 4)|x64.Build.0 = Debug|x64
		{EA364A76-EF6A-41ED-B669-B76A15CB1645}.Debug(.NET 4)|x86.ActiveCfg = Debug|Win32
		{EA364A76-EF6A-41ED-B669-B76A15CB1645}.Debug(.NET 4)|x86.Build.0 = Debug|Win32
		{EA364A76-EF6A-41ED-B669-B76A15CB1645}.Release(.NET 3.5)|x64.ActiveCfg = Release|x64
		{EA364A76-EF6A-41ED-B669-B76A15CB1645}.Release(.NET 3.5)|x64.Build.0 = Release|x64
		{EA364A76-EF6A-41ED-B669-B76A15CB1645}.Release(.NET 3.5)|x86.ActiveCfg = Release|Win32
		{EA364A76-EF6A-41ED-B669-B76A15CB1645}.Release(.NET 3.5)|x86.Build.0 = Release|Win32
		{EA364A76-EF6A-41ED-B669-B76A15CB1645}.Release(.NET 4)|x64.ActiveCfg = Release|x64
		{EA364A76-EF6A-41ED-B669-B76A15CB1645}.Release(.NET 4)|x64.Build.0 = Release|x64
		{EA364A76-EF6A-41ED-B669-B76A15CB1645}.Release(.NET 4)|x86.ActiveCfg = Release|Win32
		{EA364A76-EF6A-41ED-B669-B76A15CB1645}.Release(.NET 4)|x86.Build.0 = Release|Win32
		{5025A4C4-FBA5-4527-8A81-068B26C9AA56}.Debug(.NET 3.5)|x64.ActiveCfg = Debug|x64
		{5025A4C4-FBA5-4527-8A81-068B26C9AA56}.Debug(.NET 3.5)|x64.Build.0 = Debug|x64
		{5025A4C4-FBA5-4527-8A81-068B26C9AA56}.Debug(.NET 3.5)|x86.ActiveCfg = Debug|Win32
		{5025A4C4-FBA5-4527-8A81-068B26C9AA56}.Debug(.NET 3.5)|x86.Build.0 = Debug|Win32
		{5025A4C4-FBA5-4527-8A81-068B26C9AA56}.Debug(.NET 4)|x64.ActiveCfg = Debug|x64
		{5025A4C4-FBA5-4527-8A81-068B26C9AA56}.Debug(.NET 4)|x64.Build.0 = Debug|x64
		{5025A4C4-FBA5-4527-8A81-068B26C9AA56}.Debug(.NET 4)|x86.ActiveCfg = Debug|Win32
		{5025A4C4-FBA5-4527-8A81-068B26C9AA56}.Debug(.NET 4)|x86.Build.0 = Debug|Win32
		{5025A4C4-FBA5-4527-8A81-068B26C9AA56}.Release(.NET 3.5)|x64.ActiveCfg = Release|x64
		{5025A4C4-FBA5-4527-8A81-068B26C9AA56}.Release(.NET 3.5)|x64.Build.0 = Release|x64
		{5025A4C4-FBA5-4527-8A81-068B26C9AA56}.Release(.NET 3.5)|x86.ActiveCfg = Release|Win32
		{5025A4C4-FBA5-4527-8A81-068B26C9AA56}.Release(.NET 3.5)|x86.Build.0 = Release|Win32
		{5025A4C4-FBA5-4527-8A81-068B26C9AA56}.Release(.NET 4)|x64.ActiveCfg = Release|x64
		{5025A4C4-FBA5-4527-8A81-068B26C9AA56}.Release(.NET 4)|x64.Build.0 = Release|x64
		{5025A4C4-FBA5-4527-8A81-068B26C9AA56}.Release(.NET 4)|x86.ActiveCfg = Release|Win32
		{5025A4C4-FBA5-4527-8A81-068B26C9AA56}.Release(.NET 4)|x86.Build.0 = Release|Win32
		{BBDC5180-4804-48B6-839B-201AF9579491}.Debug(.NET 3.5)|x64.ActiveCfg = Debug|x64
		{BBDC5180-4804-48B6-839B-201AF9579491}.Debug(.NET 3.5)|x64.Build.0 = Debug|x64
		{BBDC5180-4804-48B6-839B-201AF9579491}.Debug(.NET 3.5)|x86.ActiveCfg = Debug|Win32
		{BBDC5180-4804-48B6-839B-201AF9579491}.Debug(.NET 3.5)|x86.Build.0 = Debug|Win32
		{BBDC5180-4804-48B6-839B-201AF9579491}.Debug(.NET 4)|x64.ActiveCfg = Debug|x64
		{BBDC5180-4804-48B6-839B-201AF9579491}.Debug(.NET 4)|x64.Build.0 = Debug|x64
		{BBDC5180-4804-48B6-839B-201AF9579491}.Debug(.NET 4)|x86.ActiveCfg = Debug|Win32
		{BBDC5180-4804-48B6-839B-201AF9579491}.Debug(.NET 4)|x86.Build.0 = Debug|Win32
		{BBDC5180-4804-48B6-839B-201AF9579491}.Release(.NET 3.5)|x64.ActiveCfg = Release|x64
		{BBDC5180-4804-48B6-839B-201AF9579491}.Release(.NET 3.5)|x64.Build.0 = Release|x64
		{BBDC5180-4804-48B6-839B-201AF9579491}.Release(.NET 3.5)|x86.ActiveCfg = Release|Win32
		{BBDC5180-4804-48B6-839B-201AF9579491}.Release(.NET 3.5)|x86.Build.0 = Release|Win32
		{BBDC5180-4804-48B6-839B-201AF9579491}.Release(.NET 4)|x64.ActiveCfg = Release|x64
		{BBDC5180-4804-48B6-839B-201AF9579491}.Release(.NET 4)|x64.Build.0 = Release|x64
		{BBDC5180-4804-48B6-839B-201AF9579491}.Release(.NET 4)|x86.ActiveCfg = Release|Win32
		{BBDC5180-4804-48B6-839B-201AF9579491}.Release(.NET 4)|x86.Build.0 = Release|Win32
		{26880DE0-37AA-4DE0-89E2-B0102AA89BF7}.Debug(.NET 3.5)|x64.ActiveCfg = Debug|x64
		{26880DE0-37AA-4DE0-89E2-B0102AA89BF7}.Debug(.NET 3.5)|x86.ActiveCfg = Debug|Win32
		{26880DE0-37AA-4DE0-89E2-B0102AA89BF7}.Debug(.NET 4)|x64.ActiveCfg = Debug|x64
		{26880DE0-37AA-4DE0-89E2-B0102AA89BF7}.Debug(.NET 4)|x86.ActiveCfg = Debug|Win32
		{26880DE0-37AA-4DE0-89E2-B0102AA89BF7}.Release(.NET 3.5)|x64.ActiveCfg = Release|x64
		{26880DE0-37AA-4DE0-89E2-B0102AA89BF7}.Release(.NET 3.5)|x86.ActiveCfg = Release|Win32
		{26880DE0-37AA-4DE0-89E2-B0102AA89BF7}.Release(.NET 4)|x64.ActiveCfg = Release|x64
		{26880DE0-37AA-4DE0-89E2-B0102AA89BF7}.Release(.NET 4)|x86.ActiveCfg = Release|Win32
		{885BCF21-BAA1-4179-B679-27C4DC7F14A3}.Debug(.NET 3.5)|x64.ActiveCfg = Debug(.NET 3.5)|Any CPU
		{885BCF21-BAA1-4179-B679-27C4DC7F14A3}.Debug(.NET 3.5)|x64.Build.0 = Debug(.NET 3.5)|Any CPU
		{885BCF21-BAA1-4179-B679-27C4DC7F14A3}.Debug(.NET 3.5)|x86.ActiveCfg = Debug(.NET 3.5)|Any CPU
		{885BCF21-BAA1-4179-B679-27C4DC7F14A3}.Debug(.NET 3.5)|x86.Build.0 = Debug(.NET 3.5)|Any CPU
		{885BCF21-BAA1-4179-B679-27C4DC7F14A3}.Debug(.NET 4)|x64.ActiveCfg = Debug(.NET 4)|Any CPU
		{885BCF21-BAA1-4179-B679-27C4DC7F14A3}.Debug(.NET 4)|x64.Build.0 = Debug(.NET 4)|Any CPU
		{885BCF21-BAA1-4179-B679-27C4DC7F14A3}.Debug(.NET 4)|x86.ActiveCfg = Debug(.NET 4)|Any CPU
		{885BCF21-BAA1-4179-B679-27C4DC7F14A3}.Debug(.NET 4)|x86.Build.0 = Debug(.NET 4)|Any CPU
		{885BCF21-BAA1-4179-B679-27C4DC7F14A3}.Release(.NET 3.5)|x64.ActiveCfg = Release(.NET 3.5)|Any CPU
		{885BCF21-BAA1-4179-B679-27C4DC7F14A3}.Release(.NET 3.5)|x64.Build.0 = Release(.NET 3.5)|Any CPU
		{885BCF21-BAA1-4179-B679-27C4DC7F14A3}.Release(.NET 3.5)|x86.ActiveCfg = Release(.NET 3.5)|Any CPU
		{885BCF21-BAA1-4179-B679-27C4DC7F14A3}.Release(.NET 3.5)|x86.Build.0 = Release(.NET 3.5)|Any CPU
		{885BCF21-BAA1-4179-B679-27C4DC7F14A3}.Release(.NET 4)|x64.ActiveCfg = Release(.NET 4)|Any CPU
		{885BCF21-BAA1-4179-B679-27C4DC7F14A3}.Release(.NET 4)|x64.Build.0 = Release(.NET 4)|Any CPU
		{885BCF21-BAA1-4179-B679-27C4DC7F14A3}.Release(.NET 4)|x86.ActiveCfg = Release(.NET 4)|Any CPU
		{885BCF21-BAA1-4179-B679-27C4DC7F14A3}.Release(.NET 4)|x86.Build.0 = Release(.NET 4)|Any CPU
		{C04A5E86-30E1-4C38-B916-324D000E240E}.Debug(.NET 3.5)|x64.ActiveCfg = Debug(.NET 3.5)|Any CPU
		{C04A5E86-30E1-4C38-B916-324D000E240E}.Debug(.NET 3.5)|x64.Build.0 = Debug(.NET 3.5)|Any CPU
		{C04A5E86-30E1-4C38-B916-324D000E240E}.Debug(.NET 3.5)|x86.ActiveCfg = Debug(.NET 3.5)|Any CPU
		{C04A5E86-30E1-4C38-B916-324D000E240E}.Debug(.NET 3.5)|x86.Build.0 = Debug(.NET 3.5)|Any CPU
		{C04A5E86-30E1-4C38-B916-324D000E240E}.Debug(.NET 4)|x64.ActiveCfg = Debug(.NET 4)|Any CPU
		{C04A5E86-30E1-4C38-B916-324D000E240E}.Debug(.NET 4)|x64.Build.0 = Debug(.NET 4)|Any CPU
		{C04A5E86-30E1-4C38-B916-324D000E240E}.Debug(.NET 4)|x86.ActiveCfg = Debug(.NET 4)|Any CPU
		{C04A5E86-30E1-4C38-B916-324D000E240E}.Debug(.NET 4)|x86.Build.0 = Debug(.NET 4)|Any CPU
		{C04A5E86-30E1-4C38-B916-324D000E240E}.Release(.NET 3.5)|x64.ActiveCfg = Release(.NET 3.5)|Any CPU
		{C04A5E86-30E1-4C38-B916-324D000E240E}.Release(.NET 3.5)|x64.Build.0 = Release(.NET 3.5)|Any CPU
		{C04A5E86-30E1-4C38-B916-324D000E240E}.Release(.NET 3.5)|x86.ActiveCfg = Release(.NET 3.5)|Any CPU
		{C04A5E86-30E1-4C38-B916-324D000E240E}.Release(.NET 3.5)|x86.Build.0 = Release(.NET 3.5)|Any CPU
		{C04A5E86-30E1-4C38-B916-324D000E240E}.Release(.NET 4)|x64.ActiveCfg = Release(.NET 4)|Any CPU
		{C04A5E86-30E1-4C38-B916-324D000E240E}.Release(.NET 4)|x64.Build.0 = Release(.NET 4)|Any CPU
		{C04A5E86-30E1-4C38-B916-324D000E240E}.Release(.NET 4)|x86.ActiveCfg = Release(.NET 4)|Any CPU
		{C04A5E86-30E1-4C38-B916-324D000E240E}.Release(.NET 4)|x86.Build.0 = Release(.NET 4)|Any CPU
		{5EEE8D5F-2F36-4319-91E1-0E547CD9E5FB}.Debug(.NET 3.5)|x64.ActiveCfg = Debug(.NET 3.5)|x64
		{5EEE8D5F-2F36-4319-91E1-0E547CD9E5FB}.Debug(.NET 3.5)|x64.Build.0 = Debug(.NET 3.5)|x64
		{5EEE8D5F-2F36-4319-91E1-0E547CD9E5FB}.Debug(.NET 3.5)|x86.ActiveCfg = Debug(.NET 3.5)|Win32
		{5EEE8D5F-2F36-4319-91E1-0E547CD9E5FB}.Debug(.NET 3.5)|x86.Build.0 = Debug(.NET 3.5)|Win32
		{5EEE8D5F-2F36-4319-91E1-0E547CD9E5FB}.Debug(.NET 4)|x64.ActiveCfg = Debug(.NET 4)|Win32
		{5EEE8D5F-2F36-4319-91E1-0E547CD9E5FB}.Debug(.NET 4)|x64.Build.0 = Debug(.NET 4)|Win32
		{5EEE8D5F-2F36-4319-91E1-0E547CD9E5FB}.Debug(.NET 4)|x86.ActiveCfg = Debug(.NET 4)|Win32
		{5EEE8D5F-2F36-4319-91E1-0E547CD9E5FB}.Debug(.NET 4)|x86.Build.0 = Debug(.NET 4)|Win32
		{5EEE8D5F-2F36-4319-91E1-0E547CD9E5FB}.Release(.NET 3.5)|x64.ActiveCfg = Release(.NET 3.5)|x64
		{5EEE8D5F-2F36-4319-91E1-0E547CD9E5FB}.Release(.NET 3.5)|x64.Build.0 = Release(.NET 3.5)|x64
		{5EEE8D5F-2F36-4319-91E1-0E547CD9E5FB}.Release(.NET 3.5)|x86.ActiveCfg = Release(.NET 3.5)|Win32
		{5EEE8D5F-2F36-4319-91E1-0E547CD9E5FB}.Release(.NET 3.5)|x86.Build.0 = Release(.NET 3.5)|Win32
		{5EEE8D5F-2F36-4319-91E1-0E547CD9E5FB}.Release(.NET 4)|x64.ActiveCfg = Release(.NET 4)|Win32
		{5EEE8D5F-2F36-4319-91E1-0E547CD9E5FB}.Release(.NET 4)|x64.Build.0 = Release(.NET 4)|Win32
		{5EEE8D5F-2F36-4319-91E1-0E547CD9E5FB}.Release(.NET 4)|x86.ActiveCfg = Release(.NET 4)|Win32
		{5EEE8D5F-2F36-4319-91E1-0E547CD9E5FB}.Release(.NET 4)|x86.Build.0 = Release(.NET 4)|Win32
		{68A62EF4-B2AD-4634-8961-F66C2D60CBB0}.Debug(.NET 3.5)|x64.ActiveCfg = Debug(.NET 3.5)|x64
		{68A62EF4-B2AD-4634-8961-F66C2D60CBB0}.Debug(.NET 3.5)|x64.Build.0 = Debug(.NET 3.5)|x64
		{68A62EF4-B2AD-4634-8961-F66C2D60CBB0}.Debug(.NET 3.5)|x86.ActiveCfg = Debug(.NET 3.5)|x86
		{68A62EF4-B2AD-4634-8961-F66C2D60CBB0}.Debug(.NET 3.5)|x86.Build.0 = Debug(.NET 3.5)|x86
		{68A62EF4-B2AD-4634-8961-F66C2D60CBB0}.Debug(.NET 4)|x64.ActiveCfg = Debug(.NET 4)|x64
		{68A62EF4-B2AD-4634-8961-F66C2D60CBB0}.Debug(.NET 4)|x64.Build.0 = Debug(.NET 4)|x64
		{68A62EF4-B2AD-4634-8961-F66C2D60CBB0}.Debug(.NET 4)|x86.ActiveCfg = Debug(.NET 4)|x86
		{68A62EF4-B2AD-4634-8961-F66C2D60CBB0}.Debug(.NET 4)|x86.Build.0 = Debug(.NET 4)|x86
		{68A62EF4-B2AD-4634-8961-F66C2D60CBB0}.Release(.NET 3.5)|x64.ActiveCfg = Release(.NET 3.5)|x64
		{68A62EF4-B2AD-4634-8961-F66C2D60CBB0}.Release(.NET 3.5)|x64.Build.0 = Release(.NET 3.5)|x64
		{68A62EF4-B2AD-4634-8961-F66C2D60CBB0}.Release(.NET 3.5)|x86.ActiveCfg = Release(.NET 3.5)|x86
		{68A62EF4-B2AD-4634-8961-F66C2D60CBB0}.Release(.NET 3.5)|x86.Build.0 = Release(.NET 3.5)|x86
		{68A62EF4-B2AD-4634-8961-F66C2D60CBB0}.Release(.NET 4)|x64.ActiveCfg = Release(.NET 4)|x64
		{68A62EF4-B2AD-4634-8961-F66C2D60CBB0}.Release(.NET 4)|x64.Build.0 = Release(.NET 4)|x64
		{68A62EF4-B2AD-4634-8961-F66C2D60CBB0}.Release(.NET 4)|x86.ActiveCfg = Release(.NET 4)|x86
		{68A62EF4-B2AD-4634-8961-F66C2D60CBB0}.Release(.NET 4)|x86.Build.0 = Release(.NET 4)|x86
		{95E1F039-6E0F-4276-934B-1DB270CF6334}.Debug(.NET 3.5)|x64.ActiveCfg = Debug(.NET 3.5)|x64
		{95E1F039-6E0F-4276-934B-1DB270CF6334}.Debug(.NET 3.5)|x64.Build.0 = Debug(.NET 3.5)|x64
		{95E1F039-6E0F-4276-934B-1DB270CF6334}.Debug(.NET 3.5)|x86.ActiveCfg = Debug(.NET 3.5)|x86
		{95E1F039-6E0F-4276-934B-1DB270CF6334}.Debug(.NET 3.5)|x86.Build.0 = Debug(.NET 3.5)|x86
		{95E1F039-6E0F-4276-934B-1DB270CF6334}.Debug(.NET 4)|x64.ActiveCfg = Debug(.NET 4)|x64
		{95E1F039-6E0F-4276-934B-1DB270CF6334}.Debug(.NET 4)|x64.Build.0 = Debug(.NET 4)|x64
		{95E1F039-6E0F-4276-934B-1DB270CF6334}.Debug(.NET 4)|x86.ActiveCfg = Debug(.NET 4)|x86
		{95E1F039-6E0F-4276-934B-1DB270CF6334}.Debug(.NET 4)|x86.Build.0 = Debug(.NET 4)|x86
		{95E1F039-6E0F-4276-934B-1DB270CF6334}.Release(.NET 3.5)|x64.ActiveCfg = Release(.NET 3.5)|x64
		{95E1F039-6E0F-4276-934B-1DB270CF6334}.Release(.NET 3.5)|x64.Build.0 = Release(.NET 3.5)|x64
		{95E1F039-6E0F-4276-934B-1DB270CF6334}.Release(.NET 3.5)|x86.ActiveCfg = Release(.NET 3.5)|x86
		{95E1F039-6E0F-4276-934B-1DB270CF6334}.Release(.NET 3.5)|x86.Build.0 = Release(.NET 3.5)|x86
		{95E1F039-6E0F-4276-934B-1DB270CF6334}.Release(.NET 4)|x64.ActiveCfg = Release(.NET 4)|x64
		{95E1F039-6E0F-4276-934B-1DB270CF6334}.Release(.NET 4)|x64.Build.0 = Release(.NET 4)|x64
		{95E1F039-6E0F-4276-934B-1DB270CF6334}.Release(.NET 4)|x86.ActiveCfg = Release(.NET 4)|x86
		{95E1F039-6E0F-4276-934B-1DB270CF6334}.Release(.NET 4)|x86.Build.0 = Release(.NET 4)|x86
		{C9FA9F79-9AF7-4602-A837-E370312296E8}.Debug(.NET 3.5)|x64.ActiveCfg = Debug(.NET 3.5)|x64
		{C9FA9F79-9AF7-4602-A837-E370312296E8}.Debug(.NET 3.5)|x64.Build.0 = Debug(.NET 3.5)|x64
		{C9FA9F79-9AF7-4602-A837-E370312296E8}.Debug(.NET 3.5)|x86.ActiveCfg = Debug(.NET 3.5)|Win32
		{C9FA9F79-9AF7-4602-A837-E370312296E8}.Debug(.NET 3.5)|x86.Build.0 = Debug(.NET 3.5)|Win32
		{C9FA9F79-9AF7-4602-A837-E370312296E8}.Debug(.NET 4)|x64.ActiveCfg = Debug(.NET 4)|Win32
		{C9FA9F79-9AF7-4602-A837-E370312296E8}.Debug(.NET 4)|x64.Build.0 = Debug(.NET 4)|Win32
		{C9FA9F79-9AF7-4602-A837-E370312296E8}.Debug(.NET 4)|x86.ActiveCfg = Debug(.NET 4)|Win32
		{C9FA9F79-9AF7-4602-A837-E370312296E8}.Debug(.NET 4)|x86.Build.0 = Debug(.NET 4)|Win32
		{C9FA9F79-9AF7-4602-A837-E370312296E8}.Release(.NET 3.5)|x64.ActiveCfg = Release(.NET 3.5)|x64
		{C9FA9F79-9AF7-4602-A837-E370312296E8}.Release(.NET 3.5)|x64.Build.0 = Release(.NET 3.5)|x64
		{C9FA9F79-9AF7-4602-A837-E370312296E8}.Release(.NET 3.5)|x86.ActiveCfg = Release(.NET 3.5)|Win32
		{C9FA9F79-9AF7-4602-A837-E370312296E8}.Release(.NET 3.5)|x86.Build.0 = Release(.NET 3.5)|Win32
		{C9FA9F79-9AF7-4602-A837-E370312296E8}.Release(.NET 4)|x64.ActiveCfg = Release(.NET 4)|Win32
		{C9FA9F79-9AF7-4602-A837-E370312296E8}.Release(.NET 4)|x64.Build.0 = Release(.NET 4)|Win32
		{C9FA9F79-9AF7-4602-A837-E370312296E8}.Release(.NET 4)|x86.ActiveCfg = Release(.NET 4)|Win32
		{C9FA9F79-9AF7-4602-A837-E370312296E8}.Release(.NET 4)|x86.Build.0 = Release(.NET 4)|Win32
		{19F73BCA-BD55-4D66-8F1F-D4CA124B8A22}.Debug(.NET 3.5)|x64.ActiveCfg = Debug|x64
		{19F73BCA-BD55-4D66-8F1F-D4CA124B8A22}.Debug(.NET 3.5)|x64.Build.0 = Debug|x64
		{19F73BCA-BD55-4D66-8F1F-D4CA124B8A22}.Debug(.NET 3.5)|x86.ActiveCfg = Debug|Win32
		{19F73BCA-BD55-4D66-8F1F-D4CA124B8A22}.Debug(.NET 3.5)|x86.Build.0 = Debug|Win32
		{19F73BCA-BD55-4D66-8F1F-D4CA124B8A22}.Debug(.NET 4)|x64.ActiveCfg = Debug|x64
		{19F73BCA-BD55-4D66-8F1F-D4CA124B8A22}.Debug(.NET 4)|x64.Build.0 = Debug|x64
		{19F73BCA-BD55-4D66-8F1F-D4CA124B8A22}.Debug(.NET 4)|x86.ActiveCfg = Debug|Win32
		{19F73BCA-BD55-4D66-8F1F-D4CA124B8A22}.Debug(.NET 4)|x86.Build.0 = Debug|Win32
		{19F73BCA-BD55-4D66-8F1F-D4CA124B8A22}.Release(.NET 3.5)|x64.ActiveCfg = Release|x64
		{19F73BCA-BD55-4D66-8F1F-D4CA124B8A22}.Release(.NET 3.5)|x64.Build.0 = Release|x64
		{19F73BCA-BD55-4D66-8F1F-D4CA124B8A22}.Release(.NET 3.5)|x86.ActiveCfg = Release|Win32
		{19F73BCA-BD55-4D66-8F1F-D4CA124B8A22}.Release(.NET 3.5)|x86.Build.0 = Release|Win32
		{19F73BCA-BD55-4D66-8F1F-D4CA124B8A22}.Release(.NET 4)|x64.ActiveCfg = Release|x64
		{19F73BCA-BD55-4D66-8F1F-D4CA124B8A22}.Release(.NET 4)|x64.Build.0 = Release|x64
		{19F73BCA-BD55-4D66-8F1F-D4CA124B8A22}.Release(.NET 4)|x86.ActiveCfg = Release|Win32
		{19F73BCA-BD55-4D66-8F1F-D4CA124B8A22}.Release(.NET 4)|x86.Build.0 = Release|Win32
		{E77A53EC-A69E-41CA-ACE0-5D83636610C4}.Debug(.NET 3.5)|x64.ActiveCfg = Debug|x64
		{E77A53EC-A69E-41CA-ACE0-5D83636610C4}.Debug(.NET 3.5)|x86.ActiveCfg = Debug|Win32
		{E77A53EC-A69E-41CA-ACE0-5D83636610C4}.Debug(.NET 4)|x64.ActiveCfg = Debug|x64
		{E77A53EC-A69E-41CA-ACE0-5D83636610C4}.Debug(.NET 4)|x86.ActiveCfg = Debug|Win32
		{E77A53EC-A69E-41CA-ACE0-5D83636610C4}.Release(.NET 3.5)|x64.ActiveCfg = Release|x64
		{E77A53EC-A69E-41CA-ACE0-5D83636610C4}.Release(.NET 3.5)|x86.ActiveCfg = Release|Win32
		{E77A53EC-A69E-41CA-ACE0-5D83636610C4}.Release(.NET 4)|x64.ActiveCfg = Release|x64
		{E77A53EC-A69E-41CA-ACE0-5D83636610C4}.Release(.NET 4)|x86.ActiveCfg = Release|Win32
		{23389061-145F-4CB1-86ED-64A9F35F52A6}.Debug(.NET 3.5)|x64.ActiveCfg = Debug(.NET 3.5)|Any CPU
		{23389061-145F-4CB1-86ED-64A9F35F52A6}.Debug(.NET 3.5)|x64.Build.0 = Debug(.NET 3.5)|Any CPU
		{23389061-145F-4CB1-86ED-64A9F35F52A6}.Debug(.NET 3.5)|x86.ActiveCfg = Debug(.NET 3.5)|Any CPU
		{23389061-145F-4CB1-86ED-64A9F35F52A6}.Debug(.NET 3.5)|x86.Build.0 = Debug(.NET 3.5)|Any CPU
		{23389061-145F-4CB1-86ED-64A9F35F52A6}.Debug(.NET 4)|x64.ActiveCfg = Debug(.NET 4)|Any CPU
		{23389061-145F-4CB1-86ED-64A9F35F52A6}.Debug(.NET 4)|x64.Build.0 = Debug(.NET 4)|Any CPU
		{23389061-145F-4CB1-86ED-64A9F35F52A6}.Debug(.NET 4)|x86.ActiveCfg = Debug(.NET 4)|Any CPU
		{23389061-145F-4CB1-86ED-64A9F35F52A6}.Debug(.NET 4)|x86.Build.0 = Debug(.NET 4)|Any CPU
		{23389061-145F-4CB1-86ED-64A9F35F52A6}.Release(.NET 3.5)|x64.ActiveCfg = Release(.NET 3.5)|Any CPU
		{23389061-145F-4CB1-86ED-64A9F35F52A6}.Release(.NET 3.5)|x64.Build.0 = Release(.NET 3.5)|Any CPU
		{23389061-145F-4CB1-86ED-64A9F35F52A6}.Release(.NET 3.5)|x86.ActiveCfg = Release(.NET 3.5)|Any CPU
		{23389061-145F-4CB1-86ED-64A9F35F52A6}.Release(.NET 3.5)|x86.Build.0 = Release(.NET 3.5)|Any CPU
		{23389061-145F-4CB1-86ED-64A9F35F52A6}.Release(.NET 4)|x64.ActiveCfg = Release(.NET 4)|Any CPU
		{23389061-145F-4CB1-86ED-64A9F35F52A6}.Release(.NET 4)|x64.Build.0 = Release(.NET 4)|Any CPU
		{23389061-145F-4CB1-86ED-64A9F35F52A6}.Release(.NET 4)|x86.ActiveCfg = Release(.NET 4)|Any CPU
		{23389061-145F-4CB1-86ED-64A9F35F52A6}.Release(.NET 4)|x86.Build.0 = Release(.NET 4)|Any CPU
		{4C9D250E-26A7-4516-B133-478E782BD75F}.Debug(.NET 3.5)|x64.ActiveCfg = Debug|x86
		{4C9D250E-26A7-4516-B133-478E782BD75F}.Debug(.NET 3.5)|x64.Build.0 = Debug|x86
		{4C9D250E-26A7-4516-B133-478E782BD75F}.Debug(.NET 3.5)|x86.ActiveCfg = Debug|x86
		{4C9D250E-26A7-4516-B133-478E782BD75F}.Debug(.NET 3.5)|x86.Build.0 = Debug|x86
		{4C9D250E-26A7-4516-B133-478E782BD75F}.Debug(.NET 4)|x64.ActiveCfg = Debug|x86
		{4C9D250E-26A7-4516-B133-478E782BD75F}.Debug(.NET 4)|x64.Build.0 = Debug|x86
		{4C9D250E-26A7-4516-B133-478E782BD75F}.Debug(.NET 4)|x86.ActiveCfg = Debug|x86
		{4C9D250E-26A7-4516-B133-478E782BD75F}.Debug(.NET 4)|x86.Build.0 = Debug|x86
		{4C9D250E-26A7-4516-B133-478E782BD75F}.Release(.NET 3.5)|x64.ActiveCfg = Release|x86
		{4C9D250E-26A7-4516-B133-478E782BD75F}.Release(.NET 3.5)|x64.Build.0 = Release|x86
		{4C9D250E-26A7-4516-B133-478E782BD75F}.Release(.NET 3.5)|x86.ActiveCfg = Release|x86
		{4C9D250E-26A7-4516-B133-478E782BD75F}.Release(.NET 3.5)|x86.Build.0 = Release|x86
		{4C9D250E-26A7-4516-B133-478E782BD75F}.Release(.NET 4)|x64.ActiveCfg = Release|x86
		{4C9D250E-26A7-4516-B133-478E782BD75F}.Release(.NET 4)|x64.Build.0 = Release|x86
		{4C9D250E-26A7-4516-B133-478E782BD75F}.Release(.NET 4)|x86.ActiveCfg = Release|x86
		{4C9D250E-26A7-4516-B133-478E782BD75F}.Release(.NET 4)|x86.Build.0 = Release|x86
		{509316E7-AB9F-4B2B-985E-4D610D0451A6}.Debug(.NET 3.5)|x64.ActiveCfg = Debug|Any CPU
		{509316E7-AB9F-4B2B-985E-4D610D0451A6}.Debug(.NET 3.5)|x64.Build.0 = Debug|Any CPU
		{509316E7-AB9F-4B2B-985E-4D610D0451A6}.Debug(.NET 3.5)|x86.ActiveCfg = Debug|Any CPU
		{509316E7-AB9F-4B2B-985E-4D610D0451A6}.Debug(.NET 3.5)|x86.Build.0 = Debug|Any CPU
		{509316E7-AB9F-4B2B-985E-4D610D0451A6}.Debug(.NET 4)|x64.ActiveCfg = Debug|Any CPU
		{509316E7-AB9F-4B2B-985E-4D610D0451A6}.Debug(.NET 4)|x64.Build.0 = Debug|Any CPU
		{509316E7-AB9F-4B2B-985E-4D610D0451A6}.Debug(.NET 4)|x86.ActiveCfg = Debug|Any CPU
		{509316E7-AB9F-4B2B-985E-4D610D0451A6}.Debug(.NET 4)|x86.Build.0 = Debug|Any CPU
		{509316E7-AB9F-4B2B-985E-4D610D0451A6}.Release(.NET 3.5)|x64.ActiveCfg = Release|Any CPU
		{509316E7-AB9F-4B2B-985E-4D610D0451A6}.Release(.NET 3.5)|x64.Build.0 = Release|Any CPU
		{509316E7-AB9F-4B2B-985E-4D610D0451A6}.Release(.NET 3.5)|x86.ActiveCfg = Release|Any CPU
		{509316E7-AB9F-4B2B-985E-4D610D0451A6}.Release(.NET 3.5)|x86.Build.0 = Release|Any CPU
		{509316E7-AB9F-4B2B-985E-4D610D0451A6}.Release(.NET 4)|x64.ActiveCfg = Release|Any CPU
		{509316E7-AB9F-4B2B-985E-4D610D0451A6}.Release(.NET 4)|x64.Build.0 = Release|Any CPU
		{509316E7-AB9F-4B2B-985E-4D610D0451A6}.Release(.NET 4)|x86.ActiveCfg = Release|Any CPU
		{509316E7-AB9F-4B2B-985E-4D610D0451A6}.Release(.NET 4)|x86.Build.0 = Release|Any CPU
		{6CFA6744-745A-4CD6-8F1E-940D2B025FAE}.Debug(.NET 3.5)|x64.ActiveCfg = Debug(.NET 3.5)|Any CPU
		{6CFA6744-745A-4CD6-8F1E-940D2B025FAE}.Debug(.NET 3.5)|x64.Build.0 = Debug(.NET 3.5)|Any CPU
		{6CFA6744-745A-4CD6-8F1E-940D2B025FAE}.Debug(.NET 3.5)|x86.ActiveCfg = Debug(.NET 3.5)|Any CPU
		{6CFA6744-745A-4CD6-8F1E-940D2B025FAE}.Debug(.NET 3.5)|x86.Build.0 = Debug(.NET 3.5)|Any CPU
		{6CFA6744-745A-4CD6-8F1E-940D2B025FAE}.Debug(.NET 4)|x64.ActiveCfg = Debug(.NET 4)|Any CPU
		{6CFA6744-745A-4CD6-8F1E-940D2B025FAE}.Debug(.NET 4)|x64.Build.0 = Debug(.NET 4)|Any CPU
		{6CFA6744-745A-4CD6-8F1E-940D2B025FAE}.Debug(.NET 4)|x86.ActiveCfg = Debug(.NET 4)|Any CPU
		{6CFA6744-745A-4CD6-8F1E-940D2B025FAE}.Debug(.NET 4)|x86.Build.0 = Debug(.NET 4)|Any CPU
		{6CFA6744-745A-4CD6-8F1E-940D2B025FAE}.Release(.NET 3.5)|x64.ActiveCfg = Release(.NET 3.5)|Any CPU
		{6CFA6744-745A-4CD6-8F1E-940D2B025FAE}.Release(.NET 3.5)|x64.Build.0 = Release(.NET 3.5)|Any CPU
		{6CFA6744-745A-4CD6-8F1E-940D2B025FAE}.Release(.NET 3.5)|x86.ActiveCfg = Release(.NET 3.5)|Any CPU
		{6CFA6744-745A-4CD6-8F1E-940D2B025FAE}.Release(.NET 3.5)|x86.Build.0 = Release(.NET 3.5)|Any CPU
		{6CFA6744-745A-4CD6-8F1E-940D2B025FAE}.Release(.NET 4)|x64.ActiveCfg = Release(.NET 4)|Any CPU
		{6CFA6744-745A-4CD6-8F1E-940D2B025FAE}.Release(.NET 4)|x64.Build.0 = Release(.NET 4)|Any CPU
		{6CFA6744-745A-4CD6-8F1E-940D2B025FAE}.Release(.NET 4)|x86.ActiveCfg = Release(.NET 4)|Any CPU
		{6CFA6744-745A-4CD6-8F1E-940D2B025FAE}.Release(.NET 4)|x86.Build.0 = Release(.NET 4)|Any CPU
		{EF9F1B81-8558-44C5-8CC6-84C0E112A5AC}.Debug(.NET 3.5)|x64.ActiveCfg = Debug(.NET 3.5)|Any CPU
		{EF9F1B81-8558-44C5-8CC6-84C0E112A5AC}.Debug(.NET 3.5)|x64.Build.0 = Debug(.NET 3.5)|Any CPU
		{EF9F1B81-8558-44C5-8CC6-84C0E112A5AC}.Debug(.NET 3.5)|x86.ActiveCfg = Debug(.NET 3.5)|Any CPU
		{EF9F1B81-8558-44C5-8CC6-84C0E112A5AC}.Debug(.NET 3.5)|x86.Build.0 = Debug(.NET 3.5)|Any CPU
		{EF9F1B81-8558-44C5-8CC6-84C0E112A5AC}.Debug(.NET 4)|x64.ActiveCfg = Debug(.NET 4)|Any CPU
		{EF9F1B81-8558-44C5-8CC6-84C0E112A5AC}.Debug(.NET 4)|x64.Build.0 = Debug(.NET 4)|Any CPU
		{EF9F1B81-8558-44C5-8CC6-84C0E112A5AC}.Debug(.NET 4)|x86.ActiveCfg = Debug(.NET 4)|Any CPU
		{EF9F1B81-8558-44C5-8CC6-84C0E112A5AC}.Debug(.NET 4)|x86.Build.0 = Debug(.NET 4)|Any CPU
		{EF9F1B81-8558-44C5-8CC6-84C0E112A5AC}.Release(.NET 3.5)|x64.ActiveCfg = Release(.NET 3.5)|Any CPU
		{EF9F1B81-8558-44C5-8CC6-84C0E112A5AC}.Release(.NET 3.5)|x64.Build.0 = Release(.NET 3.5)|Any CPU
		{EF9F1B81-8558-44C5-8CC6-84C0E112A5AC}.Release(.NET 3.5)|x86.ActiveCfg = Release(.NET 3.5)|Any CPU
		{EF9F1B81-8558-44C5-8CC6-84C0E112A5AC}.Release(.NET 3.5)|x86.Build.0 = Release(.NET 3.5)|Any CPU
		{EF9F1B81-8558-44C5-8CC6-84C0E112A5AC}.Release(.NET 4)|x64.ActiveCfg = Release(.NET 4)|Any CPU
		{EF9F1B81-8558-44C5-8CC6-84C0E112A5AC}.Release(.NET 4)|x64.Build.0 = Release(.NET 4)|Any CPU
		{EF9F1B81-8558-44C5-8CC6-84C0E112A5AC}.Release(.NET 4)|x86.ActiveCfg = Release(.NET 4)|Any CPU
		{EF9F1B81-8558-44C5-8CC6-84C0E112A5AC}.Release(.NET 4)|x86.Build.0 = Release(.NET 4)|Any CPU
		{FA517774-800A-4DD7-9A06-6E289193AA40}.Debug(.NET 3.5)|x64.ActiveCfg = Debug(.NET 3.5)|Any CPU
		{FA517774-800A-4DD7-9A06-6E289193AA40}.Debug(.NET 3.5)|x64.Build.0 = Debug(.NET 3.5)|Any CPU
		{FA517774-800A-4DD7-9A06-6E289193AA40}.Debug(.NET 3.5)|x86.ActiveCfg = Debug(.NET 3.5)|Any CPU
		{FA517774-800A-4DD7-9A06-6E289193AA40}.Debug(.NET 3.5)|x86.Build.0 = Debug(.NET 3.5)|Any CPU
		{FA517774-800A-4DD7-9A06-6E289193AA40}.Debug(.NET 4)|x64.ActiveCfg = Debug(.NET 4)|Any CPU
		{FA517774-800A-4DD7-9A06-6E289193AA40}.Debug(.NET 4)|x64.Build.0 = Debug(.NET 4)|Any CPU
		{FA517774-800A-4DD7-9A06-6E289193AA40}.Debug(.NET 4)|x86.ActiveCfg = Debug(.NET 4)|Any CPU
		{FA517774-800A-4DD7-9A06-6E289193AA40}.Debug(.NET 4)|x86.Build.0 = Debug(.NET 4)|Any CPU
		{FA517774-800A-4DD7-9A06-6E289193AA40}.Release(.NET 3.5)|x64.ActiveCfg = Release(.NET 3.5)|Any CPU
		{FA517774-800A-4DD7-9A06-6E289193AA40}.Release(.NET 3.5)|x64.Build.0 = Release(.NET 3.5)|Any CPU
		{FA517774-800A-4DD7-9A06-6E289193AA40}.Release(.NET 3.5)|x86.ActiveCfg = Release(.NET 3.5)|Any CPU
		{FA517774-800A-4DD7-9A06-6E289193AA40}.Release(.NET 3.5)|x86.Build.0 = Release(.NET 3.5)|Any CPU
		{FA517774-800A-4DD7-9A06-6E289193AA40}.Release(.NET 4)|x64.ActiveCfg = Release(.NET 4)|Any CPU
		{FA517774-800A-4DD7-9A06-6E289193AA40}.Release(.NET 4)|x64.Build.0 = Release(.NET 4)|Any CPU
		{FA517774-800A-4DD7-9A06-6E289193AA40}.Release(.NET 4)|x86.ActiveCfg = Release(.NET 4)|Any CPU
		{FA517774-800A-4DD7-9A06-6E289193AA40}.Release(.NET 4)|x86.Build.0 = Release(.NET 4)|Any CPU
		{FFFA9D95-2834-49E1-B42E-7F1396DC89B9}.Debug(.NET 3.5)|x64.ActiveCfg = Debug(.NET 3.5)|Any CPU
		{FFFA9D95-2834-49E1-B42E-7F1396DC89B9}.Debug(.NET 3.5)|x64.Build.0 = Debug(.NET 3.5)|Any CPU
		{FFFA9D95-2834-49E1-B42E-7F1396DC89B9}.Debug(.NET 3.5)|x86.ActiveCfg = Debug(.NET 3.5)|Any CPU
		{FFFA9D95-2834-49E1-B42E-7F1396DC89B9}.Debug(.NET 3.5)|x86.Build.0 = Debug(.NET 3.5)|Any CPU
		{FFFA9D95-2834-49E1-B42E-7F1396DC89B9}.Debug(.NET 4)|x64.ActiveCfg = Debug(.NET 4)|Any CPU
		{FFFA9D95-2834-49E1-B42E-7F1396DC89B9}.Debug(.NET 4)|x64.Build.0 = Debug(.NET 4)|Any CPU
		{FFFA9D95-2834-49E1-B42E-7F1396DC89B9}.Debug(.NET 4)|x86.ActiveCfg = Debug(.NET 4)|Any CPU
		{FFFA9D95-2834-49E1-B42E-7F1396DC89B9}.Debug(.NET 4)|x86.Build.0 = Debug(.NET 4)|Any CPU
		{FFFA9D95-2834-49E1-B42E-7F1396DC89B9}.Release(.NET 3.5)|x64.ActiveCfg = Release(.NET 3.5)|Any CPU
		{FFFA9D95-2834-49E1-B42E-7F1396DC89B9}.Release(.NET 3.5)|x64.Build.0 = Release(.NET 3.5)|Any CPU
		{FFFA9D95-2834-49E1-B42E-7F1396DC89B9}.Release(.NET 3.5)|x86.ActiveCfg = Release(.NET 3.5)|Any CPU
		{FFFA9D95-2834-49E1-B42E-7F1396DC89B9}.Release(.NET 3.5)|x86.Build.0 = Release(.NET 3.5)|Any CPU
		{FFFA9D95-2834-49E1-B42E-7F1396DC89B9}.Release(.NET 4)|x64.ActiveCfg = Release(.NET 4)|Any CPU
		{FFFA9D95-2834-49E1-B42E-7F1396DC89B9}.Release(.NET 4)|x64.Build.0 = Release(.NET 4)|Any CPU
		{FFFA9D95-2834-49E1-B42E-7F1396DC89B9}.Release(.NET 4)|x86.ActiveCfg = Release(.NET 4)|Any CPU
		{FFFA9D95-2834-49E1-B42E-7F1396DC89B9}.Release(.NET 4)|x86.Build.0 = Release(.NET 4)|Any CPU
	EndGlobalSection
	GlobalSection(SolutionProperties) = preSolution
		HideSolutionNode = FALSE
	EndGlobalSection
	GlobalSection(NestedProjects) = preSolution
		{5025A4C4-FBA5-4527-8A81-068B26C9AA56} = {0F327E53-FB4B-43D7-A912-CD7D2C1EA7F7}
		{BBDC5180-4804-48B6-839B-201AF9579491} = {0F327E53-FB4B-43D7-A912-CD7D2C1EA7F7}
		{26880DE0-37AA-4DE0-89E2-B0102AA89BF7} = {0F327E53-FB4B-43D7-A912-CD7D2C1EA7F7}
		{885BCF21-BAA1-4179-B679-27C4DC7F14A3} = {B8932275-86AF-4C5A-91E6-D96ED7332B80}
		{C04A5E86-30E1-4C38-B916-324D000E240E} = {B8932275-86AF-4C5A-91E6-D96ED7332B80}
		{C9FA9F79-9AF7-4602-A837-E370312296E8} = {C7F1C2D7-3363-499C-89A6-12C3F63E86DE}
		{19F73BCA-BD55-4D66-8F1F-D4CA124B8A22} = {C7F1C2D7-3363-499C-89A6-12C3F63E86DE}
		{E77A53EC-A69E-41CA-ACE0-5D83636610C4} = {C7F1C2D7-3363-499C-89A6-12C3F63E86DE}
		{6CFA6744-745A-4CD6-8F1E-940D2B025FAE} = {68F8ED8E-83B1-480B-967B-89FFB3A25C83}
		{EF9F1B81-8558-44C5-8CC6-84C0E112A5AC} = {68F8ED8E-83B1-480B-967B-89FFB3A25C83}
		{FA517774-800A-4DD7-9A06-6E289193AA40} = {68F8ED8E-83B1-480B-967B-89FFB3A25C83}
		{FFFA9D95-2834-49E1-B42E-7F1396DC89B9} = {68F8ED8E-83B1-480B-967B-89FFB3A25C83}
	EndGlobalSection
EndGlobal
